github.com/cdvelop/model v0.0.108 h1:wxw7laSdRKy5oKf8yoMBGWkka4YqsQQ25KssE5xJ6zg=
github.com/cdvelop/model v0.0.108/go.mod h1:cYJNxbv1WV/aDgiVPV9VXs8LrbF8+0nU+X+KfSevyzw=
github.com/cdvelop/platform v0.0.71 h1:UjKowtQxXimmP9IMUvwsIYImUMHjDC/cAGJL2Cd8nAI=
github.com/cdvelop/platform v0.0.71/go.mod h1:jJI1m8MqMp6wkPPIzEIGT2+WFoYVOQKa872gmkLrUpE=
