github.com/cdvelop/model v0.0.109 h1:pffECY+bEDJqnhUHYjjEuMRAHM4l8dH08SjwNCQ4j5g=
github.com/cdvelop/model v0.0.109/go.mod h1:cYJNxbv1WV/aDgiVPV9VXs8LrbF8+0nU+X+KfSevyzw=
github.com/cdvelop/platform v0.0.72 h1:8zZfTP6Klcv0weq5X0uRglrBjmmKP0m5qmiFLrN2cJc=
github.com/cdvelop/platform v0.0.72/go.mod h1:GaJVaGsBVcXtuQ5lw5SRGFpSiRWzg6Qu1GhJgSqW2Ws=
